
Microsoft Visual Studio Solution File, Format Version 12.00
# Visual Studio Version 17
VisualStudioVersion = 17.13.35806.99 d17.13
MinimumVisualStudioVersion = 10.0.40219.1
Project("{FAE04EC0-301F-11D3-BF4B-00C04F79EFBC}") = "modul7_kelompok_1", "modul7_kelompok_1.csproj", "{96ED82C6-C133-4245-A902-2FD1255845C5}"
EndProject
Global
	GlobalSection(SolutionConfigurationPlatforms) = preSolution
		Debug|Any CPU = Debug|Any CPU
		Release|Any CPU = Release|Any CPU
	EndGlobalSection
	GlobalSection(ProjectConfigurationPlatforms) = postSolution
		{96ED82C6-C133-4245-A902-2FD1255845C5}.Debug|Any CPU.ActiveCfg = Debug|Any CPU
		{96ED82C6-C133-4245-A902-2FD1255845C5}.Debug|Any CPU.Build.0 = Debug|Any CPU
		{96ED82C6-C133-4245-A902-2FD1255845C5}.Release|Any CPU.ActiveCfg = Release|Any CPU
		{96ED82C6-C133-4245-A902-2FD1255845C5}.Release|Any CPU.Build.0 = Release|Any CPU
	EndGlobalSection
	GlobalSection(SolutionProperties) = preSolution
		HideSolutionNode = FALSE
	EndGlobalSection
	GlobalSection(ExtensibilityGlobals) = postSolution
		SolutionGuid = {C16BC3A2-82DE-46F8-BD60-CFA82E4BE5D8}
	EndGlobalSection
EndGlobal
